// !$*UTF8*$!
{
	archiveVersion = 1;
	classes = {
	};
	objectVersion = 56;
	objects = {

/* Begin PBXBuildFile section */
		5AD9186C2941073800078C26 /* ImagesCollection.framework in Frameworks */ = {isa = PBXBuildFile; fileRef = 5AD918632941073800078C26 /* ImagesCollection.framework */; };
		5AD918712941073800078C26 /* ImagesCollectionTests.swift in Sources */ = {isa = PBXBuildFile; fileRef = 5AD918702941073800078C26 /* ImagesCollectionTests.swift */; };
		5AD918722941073800078C26 /* ImagesCollection.h in Headers */ = {isa = PBXBuildFile; fileRef = 5AD918662941073800078C26 /* ImagesCollection.h */; settings = {ATTRIBUTES = (Public, ); }; };
		5AD9188F29410C0E00078C26 /* ImagesCollectionViewController.swift in Sources */ = {isa = PBXBuildFile; fileRef = 5AD9188D29410C0E00078C26 /* ImagesCollectionViewController.swift */; };
		5AD9189029410C0E00078C26 /* ImagesCollectionViewController.xib in Resources */ = {isa = PBXBuildFile; fileRef = 5AD9188E29410C0E00078C26 /* ImagesCollectionViewController.xib */; };
		5AD9189429410F2500078C26 /* PhotoCollectionViewCell.swift in Sources */ = {isa = PBXBuildFile; fileRef = 5AD9189229410F2500078C26 /* PhotoCollectionViewCell.swift */; };
		5AD9189529410F2500078C26 /* PhotoCollectionViewCell.xib in Resources */ = {isa = PBXBuildFile; fileRef = 5AD9189329410F2500078C26 /* PhotoCollectionViewCell.xib */; };
		5AD918992941198A00078C26 /* BundleExtension.swift in Sources */ = {isa = PBXBuildFile; fileRef = 5AD918982941198A00078C26 /* BundleExtension.swift */; };
		5AD9189C29411AF200078C26 /* UICollectionViewExtension.swift in Sources */ = {isa = PBXBuildFile; fileRef = 5AD9189B29411AF200078C26 /* UICollectionViewExtension.swift */; };
		5AD9189E29411B2D00078C26 /* NSObjectExtension.swift in Sources */ = {isa = PBXBuildFile; fileRef = 5AD9189D29411B2D00078C26 /* NSObjectExtension.swift */; };
		5AD918A029411BAE00078C26 /* NSErrorExtension.swift in Sources */ = {isa = PBXBuildFile; fileRef = 5AD9189F29411BAE00078C26 /* NSErrorExtension.swift */; };
		5AD918AC2942035000078C26 /* DynamicCollectionViewFlowLayout.swift in Sources */ = {isa = PBXBuildFile; fileRef = 5AD918AB2942035000078C26 /* DynamicCollectionViewFlowLayout.swift */; };
		5AD918B0294209A200078C26 /* UIInterfaceOrientationValues.swift in Sources */ = {isa = PBXBuildFile; fileRef = 5AD918AF294209A200078C26 /* UIInterfaceOrientationValues.swift */; };
		5AD918B329420F8000078C26 /* FileDownloader.swift in Sources */ = {isa = PBXBuildFile; fileRef = 5AD918B229420F8000078C26 /* FileDownloader.swift */; };
		5AD918B52942115F00078C26 /* FileManagerExtension.swift in Sources */ = {isa = PBXBuildFile; fileRef = 5AD918B42942115F00078C26 /* FileManagerExtension.swift */; };
		5AD918B8294241EB00078C26 /* ImagePreviewViewController.swift in Sources */ = {isa = PBXBuildFile; fileRef = 5AD918B6294241EB00078C26 /* ImagePreviewViewController.swift */; };
		5AFA3DE12942422700E878C4 /* ImagePreviewViewController.xib in Resources */ = {isa = PBXBuildFile; fileRef = 5AFA3DE02942422700E878C4 /* ImagePreviewViewController.xib */; };
		5AFA3DE329424A4200E878C4 /* UrlImageView.swift in Sources */ = {isa = PBXBuildFile; fileRef = 5AFA3DE229424A4200E878C4 /* UrlImageView.swift */; };
		5AFA3DE629425D5600E878C4 /* Endpoints.swift in Sources */ = {isa = PBXBuildFile; fileRef = 5AFA3DE529425D5600E878C4 /* Endpoints.swift */; };
		5AFA3DE82942627A00E878C4 /* PicsumPhotoEndpoint.swift in Sources */ = {isa = PBXBuildFile; fileRef = 5AFA3DE72942627A00E878C4 /* PicsumPhotoEndpoint.swift */; };
		5AFA3DEA29426CEF00E878C4 /* StringExtension.swift in Sources */ = {isa = PBXBuildFile; fileRef = 5AFA3DE929426CEF00E878C4 /* StringExtension.swift */; };
		5AFA3DEC2942849400E878C4 /* PhotoInfoEndpoint.swift in Sources */ = {isa = PBXBuildFile; fileRef = 5AFA3DEB2942849400E878C4 /* PhotoInfoEndpoint.swift */; };
/* End PBXBuildFile section */

/* Begin PBXContainerItemProxy section */
		5AD9186D2941073800078C26 /* PBXContainerItemProxy */ = {
			isa = PBXContainerItemProxy;
			containerPortal = 5AD9185A2941073700078C26 /* Project object */;
			proxyType = 1;
			remoteGlobalIDString = 5AD918622941073800078C26;
			remoteInfo = ImagesCollection;
		};
/* End PBXContainerItemProxy section */

/* Begin PBXFileReference section */
		5AD918632941073800078C26 /* ImagesCollection.framework */ = {isa = PBXFileReference; explicitFileType = wrapper.framework; includeInIndex = 0; path = ImagesCollection.framework; sourceTree = BUILT_PRODUCTS_DIR; };
		5AD918662941073800078C26 /* ImagesCollection.h */ = {isa = PBXFileReference; lastKnownFileType = sourcecode.c.h; path = ImagesCollection.h; sourceTree = "<group>"; };
		5AD9186B2941073800078C26 /* ImagesCollectionTests.xctest */ = {isa = PBXFileReference; explicitFileType = wrapper.cfbundle; includeInIndex = 0; path = ImagesCollectionTests.xctest; sourceTree = BUILT_PRODUCTS_DIR; };
		5AD918702941073800078C26 /* ImagesCollectionTests.swift */ = {isa = PBXFileReference; lastKnownFileType = sourcecode.swift; path = ImagesCollectionTests.swift; sourceTree = "<group>"; };
		5AD9188D29410C0E00078C26 /* ImagesCollectionViewController.swift */ = {isa = PBXFileReference; lastKnownFileType = sourcecode.swift; path = ImagesCollectionViewController.swift; sourceTree = "<group>"; };
		5AD9188E29410C0E00078C26 /* ImagesCollectionViewController.xib */ = {isa = PBXFileReference; lastKnownFileType = file.xib; path = ImagesCollectionViewController.xib; sourceTree = "<group>"; };
		5AD9189229410F2500078C26 /* PhotoCollectionViewCell.swift */ = {isa = PBXFileReference; lastKnownFileType = sourcecode.swift; path = PhotoCollectionViewCell.swift; sourceTree = "<group>"; };
		5AD9189329410F2500078C26 /* PhotoCollectionViewCell.xib */ = {isa = PBXFileReference; lastKnownFileType = file.xib; path = PhotoCollectionViewCell.xib; sourceTree = "<group>"; };
		5AD918982941198A00078C26 /* BundleExtension.swift */ = {isa = PBXFileReference; lastKnownFileType = sourcecode.swift; path = BundleExtension.swift; sourceTree = "<group>"; };
		5AD9189B29411AF200078C26 /* UICollectionViewExtension.swift */ = {isa = PBXFileReference; lastKnownFileType = sourcecode.swift; path = UICollectionViewExtension.swift; sourceTree = "<group>"; };
		5AD9189D29411B2D00078C26 /* NSObjectExtension.swift */ = {isa = PBXFileReference; lastKnownFileType = sourcecode.swift; path = NSObjectExtension.swift; sourceTree = "<group>"; };
		5AD9189F29411BAE00078C26 /* NSErrorExtension.swift */ = {isa = PBXFileReference; lastKnownFileType = sourcecode.swift; path = NSErrorExtension.swift; sourceTree = "<group>"; };
		5AD918AB2942035000078C26 /* DynamicCollectionViewFlowLayout.swift */ = {isa = PBXFileReference; lastKnownFileType = sourcecode.swift; path = DynamicCollectionViewFlowLayout.swift; sourceTree = "<group>"; };
		5AD918AF294209A200078C26 /* UIInterfaceOrientationValues.swift */ = {isa = PBXFileReference; lastKnownFileType = sourcecode.swift; path = UIInterfaceOrientationValues.swift; sourceTree = "<group>"; };
		5AD918B229420F8000078C26 /* FileDownloader.swift */ = {isa = PBXFileReference; lastKnownFileType = sourcecode.swift; path = FileDownloader.swift; sourceTree = "<group>"; };
		5AD918B42942115F00078C26 /* FileManagerExtension.swift */ = {isa = PBXFileReference; lastKnownFileType = sourcecode.swift; path = FileManagerExtension.swift; sourceTree = "<group>"; };
		5AD918B6294241EB00078C26 /* ImagePreviewViewController.swift */ = {isa = PBXFileReference; lastKnownFileType = sourcecode.swift; path = ImagePreviewViewController.swift; sourceTree = "<group>"; };
		5AFA3DE02942422700E878C4 /* ImagePreviewViewController.xib */ = {isa = PBXFileReference; fileEncoding = 4; lastKnownFileType = file.xib; path = ImagePreviewViewController.xib; sourceTree = "<group>"; };
		5AFA3DE229424A4200E878C4 /* UrlImageView.swift */ = {isa = PBXFileReference; lastKnownFileType = sourcecode.swift; path = UrlImageView.swift; sourceTree = "<group>"; };
		5AFA3DE529425D5600E878C4 /* Endpoints.swift */ = {isa = PBXFileReference; lastKnownFileType = sourcecode.swift; path = Endpoints.swift; sourceTree = "<group>"; };
		5AFA3DE72942627A00E878C4 /* PicsumPhotoEndpoint.swift */ = {isa = PBXFileReference; lastKnownFileType = sourcecode.swift; path = PicsumPhotoEndpoint.swift; sourceTree = "<group>"; };
		5AFA3DE929426CEF00E878C4 /* StringExtension.swift */ = {isa = PBXFileReference; lastKnownFileType = sourcecode.swift; path = StringExtension.swift; sourceTree = "<group>"; };
		5AFA3DEB2942849400E878C4 /* PhotoInfoEndpoint.swift */ = {isa = PBXFileReference; lastKnownFileType = sourcecode.swift; path = PhotoInfoEndpoint.swift; sourceTree = "<group>"; };
/* End PBXFileReference section */

/* Begin PBXFrameworksBuildPhase section */
		5AD918602941073800078C26 /* Frameworks */ = {
			isa = PBXFrameworksBuildPhase;
			buildActionMask = 2147483647;
			files = (
			);
			runOnlyForDeploymentPostprocessing = 0;
		};
		5AD918682941073800078C26 /* Frameworks */ = {
			isa = PBXFrameworksBuildPhase;
			buildActionMask = 2147483647;
			files = (
				5AD9186C2941073800078C26 /* ImagesCollection.framework in Frameworks */,
			);
			runOnlyForDeploymentPostprocessing = 0;
		};
/* End PBXFrameworksBuildPhase section */

/* Begin PBXGroup section */
		5AD918592941073700078C26 = {
			isa = PBXGroup;
			children = (
				5AD91889294107CB00078C26 /* _projectfiles */,
				5AD918652941073800078C26 /* ImagesCollection */,
				5AD9186F2941073800078C26 /* ImagesCollectionTests */,
				5AD918642941073800078C26 /* Products */,
			);
			sourceTree = "<group>";
		};
		5AD918642941073800078C26 /* Products */ = {
			isa = PBXGroup;
			children = (
				5AD918632941073800078C26 /* ImagesCollection.framework */,
				5AD9186B2941073800078C26 /* ImagesCollectionTests.xctest */,
			);
			name = Products;
			sourceTree = "<group>";
		};
		5AD918652941073800078C26 /* ImagesCollection */ = {
			isa = PBXGroup;
			children = (
				5AFA3DE429425D3C00E878C4 /* Networking */,
				5AD918B129420F5C00078C26 /* Helpers */,
				5AD918AE2942099400078C26 /* Data Types */,
				5AD918AD2942080600078C26 /* Layouts */,
				5AD918962941196E00078C26 /* Extensions */,
				5AD9189129410EF600078C26 /* Views */,
				5AD9188C29410BA600078C26 /* Xibs */,
				5AD9188B29410B9800078C26 /* ViewControllers */,
			);
			path = ImagesCollection;
			sourceTree = "<group>";
		};
		5AD9186F2941073800078C26 /* ImagesCollectionTests */ = {
			isa = PBXGroup;
			children = (
				5AD918702941073800078C26 /* ImagesCollectionTests.swift */,
			);
			path = ImagesCollectionTests;
			sourceTree = "<group>";
		};
		5AD91889294107CB00078C26 /* _projectfiles */ = {
			isa = PBXGroup;
			children = (
				5AD918662941073800078C26 /* ImagesCollection.h */,
			);
			path = _projectfiles;
			sourceTree = "<group>";
		};
		5AD9188B29410B9800078C26 /* ViewControllers */ = {
			isa = PBXGroup;
			children = (
				5AD9188D29410C0E00078C26 /* ImagesCollectionViewController.swift */,
				5AD918B6294241EB00078C26 /* ImagePreviewViewController.swift */,
			);
			path = ViewControllers;
			sourceTree = "<group>";
		};
		5AD9188C29410BA600078C26 /* Xibs */ = {
			isa = PBXGroup;
			children = (
				5AFA3DE02942422700E878C4 /* ImagePreviewViewController.xib */,
				5AD9189329410F2500078C26 /* PhotoCollectionViewCell.xib */,
				5AD9188E29410C0E00078C26 /* ImagesCollectionViewController.xib */,
			);
			path = Xibs;
			sourceTree = "<group>";
		};
		5AD9189129410EF600078C26 /* Views */ = {
			isa = PBXGroup;
			children = (
				5AD9189229410F2500078C26 /* PhotoCollectionViewCell.swift */,
				5AFA3DE229424A4200E878C4 /* UrlImageView.swift */,
			);
			path = Views;
			sourceTree = "<group>";
		};
		5AD918962941196E00078C26 /* Extensions */ = {
			isa = PBXGroup;
			children = (
				5AD9189A29411AE500078C26 /* UIKit */,
				5AD918972941197700078C26 /* Foundation */,
			);
			path = Extensions;
			sourceTree = "<group>";
		};
		5AD918972941197700078C26 /* Foundation */ = {
			isa = PBXGroup;
			children = (
				5AD918982941198A00078C26 /* BundleExtension.swift */,
				5AD9189D29411B2D00078C26 /* NSObjectExtension.swift */,
				5AD9189F29411BAE00078C26 /* NSErrorExtension.swift */,
				5AD918B42942115F00078C26 /* FileManagerExtension.swift */,
				5AFA3DE929426CEF00E878C4 /* StringExtension.swift */,
			);
			path = Foundation;
			sourceTree = "<group>";
		};
		5AD9189A29411AE500078C26 /* UIKit */ = {
			isa = PBXGroup;
			children = (
				5AD9189B29411AF200078C26 /* UICollectionViewExtension.swift */,
			);
			path = UIKit;
			sourceTree = "<group>";
		};
		5AD918AD2942080600078C26 /* Layouts */ = {
			isa = PBXGroup;
			children = (
				5AD918AB2942035000078C26 /* DynamicCollectionViewFlowLayout.swift */,
			);
			path = Layouts;
			sourceTree = "<group>";
		};
		5AD918AE2942099400078C26 /* Data Types */ = {
			isa = PBXGroup;
			children = (
				5AD918AF294209A200078C26 /* UIInterfaceOrientationValues.swift */,
			);
			path = "Data Types";
			sourceTree = "<group>";
		};
		5AD918B129420F5C00078C26 /* Helpers */ = {
			isa = PBXGroup;
			children = (
				5AD918B229420F8000078C26 /* FileDownloader.swift */,
			);
			path = Helpers;
			sourceTree = "<group>";
		};
		5AFA3DE429425D3C00E878C4 /* Networking */ = {
			isa = PBXGroup;
			children = (
				5AFA3DE529425D5600E878C4 /* Endpoints.swift */,
				5AFA3DE72942627A00E878C4 /* PicsumPhotoEndpoint.swift */,
				5AFA3DEB2942849400E878C4 /* PhotoInfoEndpoint.swift */,
			);
			path = Networking;
			sourceTree = "<group>";
		};
/* End PBXGroup section */

/* Begin PBXHeadersBuildPhase section */
		5AD9185E2941073800078C26 /* Headers */ = {
			isa = PBXHeadersBuildPhase;
			buildActionMask = 2147483647;
			files = (
				5AD918722941073800078C26 /* ImagesCollection.h in Headers */,
			);
			runOnlyForDeploymentPostprocessing = 0;
		};
/* End PBXHeadersBuildPhase section */

/* Begin PBXNativeTarget section */
		5AD918622941073800078C26 /* ImagesCollection */ = {
			isa = PBXNativeTarget;
			buildConfigurationList = 5AD918752941073800078C26 /* Build configuration list for PBXNativeTarget "ImagesCollection" */;
			buildPhases = (
				5AD9185E2941073800078C26 /* Headers */,
				5AD9185F2941073800078C26 /* Sources */,
				5AD918602941073800078C26 /* Frameworks */,
				5AD918612941073800078C26 /* Resources */,
			);
			buildRules = (
			);
			dependencies = (
			);
			name = ImagesCollection;
			productName = ImagesCollection;
			productReference = 5AD918632941073800078C26 /* ImagesCollection.framework */;
			productType = "com.apple.product-type.framework";
		};
		5AD9186A2941073800078C26 /* ImagesCollectionTests */ = {
			isa = PBXNativeTarget;
			buildConfigurationList = 5AD918782941073800078C26 /* Build configuration list for PBXNativeTarget "ImagesCollectionTests" */;
			buildPhases = (
				5AD918672941073800078C26 /* Sources */,
				5AD918682941073800078C26 /* Frameworks */,
				5AD918692941073800078C26 /* Resources */,
			);
			buildRules = (
			);
			dependencies = (
				5AD9186E2941073800078C26 /* PBXTargetDependency */,
			);
			name = ImagesCollectionTests;
			productName = ImagesCollectionTests;
			productReference = 5AD9186B2941073800078C26 /* ImagesCollectionTests.xctest */;
			productType = "com.apple.product-type.bundle.unit-test";
		};
/* End PBXNativeTarget section */

/* Begin PBXProject section */
		5AD9185A2941073700078C26 /* Project object */ = {
			isa = PBXProject;
			attributes = {
				BuildIndependentTargetsInParallel = 1;
				LastSwiftUpdateCheck = 1410;
				LastUpgradeCheck = 1410;
				TargetAttributes = {
					5AD918622941073800078C26 = {
						CreatedOnToolsVersion = 14.1;
						LastSwiftMigration = 1410;
					};
					5AD9186A2941073800078C26 = {
						CreatedOnToolsVersion = 14.1;
					};
				};
			};
			buildConfigurationList = 5AD9185D2941073700078C26 /* Build configuration list for PBXProject "ImagesCollection" */;
			compatibilityVersion = "Xcode 14.0";
			developmentRegion = en;
			hasScannedForEncodings = 0;
			knownRegions = (
				en,
				Base,
			);
			mainGroup = 5AD918592941073700078C26;
			productRefGroup = 5AD918642941073800078C26 /* Products */;
			projectDirPath = "";
			projectRoot = "";
			targets = (
				5AD918622941073800078C26 /* ImagesCollection */,
				5AD9186A2941073800078C26 /* ImagesCollectionTests */,
			);
		};
/* End PBXProject section */

/* Begin PBXResourcesBuildPhase section */
		5AD918612941073800078C26 /* Resources */ = {
			isa = PBXResourcesBuildPhase;
			buildActionMask = 2147483647;
			files = (
				5AD9189029410C0E00078C26 /* ImagesCollectionViewController.xib in Resources */,
				5AD9189529410F2500078C26 /* PhotoCollectionViewCell.xib in Resources */,
				5AFA3DE12942422700E878C4 /* ImagePreviewViewController.xib in Resources */,
			);
			runOnlyForDeploymentPostprocessing = 0;
		};
		5AD918692941073800078C26 /* Resources */ = {
			isa = PBXResourcesBuildPhase;
			buildActionMask = 2147483647;
			files = (
			);
			runOnlyForDeploymentPostprocessing = 0;
		};
/* End PBXResourcesBuildPhase section */

/* Begin PBXSourcesBuildPhase section */
		5AD9185F2941073800078C26 /* Sources */ = {
			isa = PBXSourcesBuildPhase;
			buildActionMask = 2147483647;
			files = (
				5AD918B0294209A200078C26 /* UIInterfaceOrientationValues.swift in Sources */,
				5AD9189C29411AF200078C26 /* UICollectionViewExtension.swift in Sources */,
				5AFA3DEA29426CEF00E878C4 /* StringExtension.swift in Sources */,
				5AFA3DE629425D5600E878C4 /* Endpoints.swift in Sources */,
				5AFA3DE329424A4200E878C4 /* UrlImageView.swift in Sources */,
				5AD9189E29411B2D00078C26 /* NSObjectExtension.swift in Sources */,
				5AD918AC2942035000078C26 /* DynamicCollectionViewFlowLayout.swift in Sources */,
				5AD9188F29410C0E00078C26 /* ImagesCollectionViewController.swift in Sources */,
				5AD918B52942115F00078C26 /* FileManagerExtension.swift in Sources */,
				5AFA3DEC2942849400E878C4 /* PhotoInfoEndpoint.swift in Sources */,
				5AFA3DE82942627A00E878C4 /* PicsumPhotoEndpoint.swift in Sources */,
				5AD9189429410F2500078C26 /* PhotoCollectionViewCell.swift in Sources */,
				5AD918B329420F8000078C26 /* FileDownloader.swift in Sources */,
				5AD918992941198A00078C26 /* BundleExtension.swift in Sources */,
				5AD918B8294241EB00078C26 /* ImagePreviewViewController.swift in Sources */,
				5AD918A029411BAE00078C26 /* NSErrorExtension.swift in Sources */,
			);
			runOnlyForDeploymentPostprocessing = 0;
		};
		5AD918672941073800078C26 /* Sources */ = {
			isa = PBXSourcesBuildPhase;
			buildActionMask = 2147483647;
			files = (
				5AD918712941073800078C26 /* ImagesCollectionTests.swift in Sources */,
			);
			runOnlyForDeploymentPostprocessing = 0;
		};
/* End PBXSourcesBuildPhase section */

/* Begin PBXTargetDependency section */
		5AD9186E2941073800078C26 /* PBXTargetDependency */ = {
			isa = PBXTargetDependency;
			target = 5AD918622941073800078C26 /* ImagesCollection */;
			targetProxy = 5AD9186D2941073800078C26 /* PBXContainerItemProxy */;
		};
/* End PBXTargetDependency section */

/* Begin XCBuildConfiguration section */
		5AD918732941073800078C26 /* Debug */ = {
			isa = XCBuildConfiguration;
			buildSettings = {
				ALWAYS_SEARCH_USER_PATHS = NO;
				CLANG_ANALYZER_NONNULL = YES;
				CLANG_ANALYZER_NUMBER_OBJECT_CONVERSION = YES_AGGRESSIVE;
				CLANG_CXX_LANGUAGE_STANDARD = "gnu++20";
				CLANG_ENABLE_MODULES = YES;
				CLANG_ENABLE_OBJC_ARC = YES;
				CLANG_ENABLE_OBJC_WEAK = YES;
				CLANG_WARN_BLOCK_CAPTURE_AUTORELEASING = YES;
				CLANG_WARN_BOOL_CONVERSION = YES;
				CLANG_WARN_COMMA = YES;
				CLANG_WARN_CONSTANT_CONVERSION = YES;
				CLANG_WARN_DEPRECATED_OBJC_IMPLEMENTATIONS = YES;
				CLANG_WARN_DIRECT_OBJC_ISA_USAGE = YES_ERROR;
				CLANG_WARN_DOCUMENTATION_COMMENTS = YES;
				CLANG_WARN_EMPTY_BODY = YES;
				CLANG_WARN_ENUM_CONVERSION = YES;
				CLANG_WARN_INFINITE_RECURSION = YES;
				CLANG_WARN_INT_CONVERSION = YES;
				CLANG_WARN_NON_LITERAL_NULL_CONVERSION = YES;
				CLANG_WARN_OBJC_IMPLICIT_RETAIN_SELF = YES;
				CLANG_WARN_OBJC_LITERAL_CONVERSION = YES;
				CLANG_WARN_OBJC_ROOT_CLASS = YES_ERROR;
				CLANG_WARN_QUOTED_INCLUDE_IN_FRAMEWORK_HEADER = YES;
				CLANG_WARN_RANGE_LOOP_ANALYSIS = YES;
				CLANG_WARN_STRICT_PROTOTYPES = YES;
				CLANG_WARN_SUSPICIOUS_MOVE = YES;
				CLANG_WARN_UNGUARDED_AVAILABILITY = YES_AGGRESSIVE;
				CLANG_WARN_UNREACHABLE_CODE = YES;
				CLANG_WARN__DUPLICATE_METHOD_MATCH = YES;
				COPY_PHASE_STRIP = NO;
				CURRENT_PROJECT_VERSION = 1;
				DEBUG_INFORMATION_FORMAT = dwarf;
				ENABLE_STRICT_OBJC_MSGSEND = YES;
				ENABLE_TESTABILITY = YES;
				GCC_C_LANGUAGE_STANDARD = gnu11;
				GCC_DYNAMIC_NO_PIC = NO;
				GCC_NO_COMMON_BLOCKS = YES;
				GCC_OPTIMIZATION_LEVEL = 0;
				GCC_PREPROCESSOR_DEFINITIONS = (
					"DEBUG=1",
					"$(inherited)",
				);
				GCC_WARN_64_TO_32_BIT_CONVERSION = YES;
				GCC_WARN_ABOUT_RETURN_TYPE = YES_ERROR;
				GCC_WARN_UNDECLARED_SELECTOR = YES;
				GCC_WARN_UNINITIALIZED_AUTOS = YES_AGGRESSIVE;
				GCC_WARN_UNUSED_FUNCTION = YES;
				GCC_WARN_UNUSED_VARIABLE = YES;
				IPHONEOS_DEPLOYMENT_TARGET = 16.1;
				MTL_ENABLE_DEBUG_INFO = INCLUDE_SOURCE;
				MTL_FAST_MATH = YES;
				ONLY_ACTIVE_ARCH = YES;
				SDKROOT = iphoneos;
				SWIFT_ACTIVE_COMPILATION_CONDITIONS = DEBUG;
				SWIFT_OPTIMIZATION_LEVEL = "-Onone";
				VERSIONING_SYSTEM = "apple-generic";
				VERSION_INFO_PREFIX = "";
			};
			name = Debug;
		};
		5AD918742941073800078C26 /* Release */ = {
			isa = XCBuildConfiguration;
			buildSettings = {
				ALWAYS_SEARCH_USER_PATHS = NO;
				CLANG_ANALYZER_NONNULL = YES;
				CLANG_ANALYZER_NUMBER_OBJECT_CONVERSION = YES_AGGRESSIVE;
				CLANG_CXX_LANGUAGE_STANDARD = "gnu++20";
				CLANG_ENABLE_MODULES = YES;
				CLANG_ENABLE_OBJC_ARC = YES;
				CLANG_ENABLE_OBJC_WEAK = YES;
				CLANG_WARN_BLOCK_CAPTURE_AUTORELEASING = YES;
				CLANG_WARN_BOOL_CONVERSION = YES;
				CLANG_WARN_COMMA = YES;
				CLANG_WARN_CONSTANT_CONVERSION = YES;
				CLANG_WARN_DEPRECATED_OBJC_IMPLEMENTATIONS = YES;
				CLANG_WARN_DIRECT_OBJC_ISA_USAGE = YES_ERROR;
				CLANG_WARN_DOCUMENTATION_COMMENTS = YES;
				CLANG_WARN_EMPTY_BODY = YES;
				CLANG_WARN_ENUM_CONVERSION = YES;
				CLANG_WARN_INFINITE_RECURSION = YES;
				CLANG_WARN_INT_CONVERSION = YES;
				CLANG_WARN_NON_LITERAL_NULL_CONVERSION = YES;
				CLANG_WARN_OBJC_IMPLICIT_RETAIN_SELF = YES;
				CLANG_WARN_OBJC_LITERAL_CONVERSION = YES;
				CLANG_WARN_OBJC_ROOT_CLASS = YES_ERROR;
				CLANG_WARN_QUOTED_INCLUDE_IN_FRAMEWORK_HEADER = YES;
				CLANG_WARN_RANGE_LOOP_ANALYSIS = YES;
				CLANG_WARN_STRICT_PROTOTYPES = YES;
				CLANG_WARN_SUSPICIOUS_MOVE = YES;
				CLANG_WARN_UNGUARDED_AVAILABILITY = YES_AGGRESSIVE;
				CLANG_WARN_UNREACHABLE_CODE = YES;
				CLANG_WARN__DUPLICATE_METHOD_MATCH = YES;
				COPY_PHASE_STRIP = NO;
				CURRENT_PROJECT_VERSION = 1;
				DEBUG_INFORMATION_FORMAT = "dwarf-with-dsym";
				ENABLE_NS_ASSERTIONS = NO;
				ENABLE_STRICT_OBJC_MSGSEND = YES;
				GCC_C_LANGUAGE_STANDARD = gnu11;
				GCC_NO_COMMON_BLOCKS = YES;
				GCC_WARN_64_TO_32_BIT_CONVERSION = YES;
				GCC_WARN_ABOUT_RETURN_TYPE = YES_ERROR;
				GCC_WARN_UNDECLARED_SELECTOR = YES;
				GCC_WARN_UNINITIALIZED_AUTOS = YES_AGGRESSIVE;
				GCC_WARN_UNUSED_FUNCTION = YES;
				GCC_WARN_UNUSED_VARIABLE = YES;
				IPHONEOS_DEPLOYMENT_TARGET = 16.1;
				MTL_ENABLE_DEBUG_INFO = NO;
				MTL_FAST_MATH = YES;
				SDKROOT = iphoneos;
				SWIFT_COMPILATION_MODE = wholemodule;
				SWIFT_OPTIMIZATION_LEVEL = "-O";
				VALIDATE_PRODUCT = YES;
				VERSIONING_SYSTEM = "apple-generic";
				VERSION_INFO_PREFIX = "";
			};
			name = Release;
		};
		5AD918762941073800078C26 /* Debug */ = {
			isa = XCBuildConfiguration;
			buildSettings = {
				CLANG_ENABLE_MODULES = YES;
				CODE_SIGN_STYLE = Automatic;
				CURRENT_PROJECT_VERSION = 1;
				DEFINES_MODULE = YES;
				DEVELOPMENT_TEAM = QN4ZAR6A43;
				DYLIB_COMPATIBILITY_VERSION = 1;
				DYLIB_CURRENT_VERSION = 1;
				DYLIB_INSTALL_NAME_BASE = "@rpath";
				GENERATE_INFOPLIST_FILE = YES;
				INFOPLIST_KEY_NSHumanReadableCopyright = "";
				INSTALL_PATH = "$(LOCAL_LIBRARY_DIR)/Frameworks";
				LD_RUNPATH_SEARCH_PATHS = (
					"$(inherited)",
					"@executable_path/Frameworks",
					"@loader_path/Frameworks",
				);
				MARKETING_VERSION = 1.0;
				PRODUCT_BUNDLE_IDENTIFIER = "iosdeveloper-232362.ImagesCollection";
				PRODUCT_NAME = "$(TARGET_NAME:c99extidentifier)";
				SKIP_INSTALL = YES;
				SWIFT_EMIT_LOC_STRINGS = YES;
				SWIFT_OPTIMIZATION_LEVEL = "-Onone";
				SWIFT_VERSION = 5.0;
				TARGETED_DEVICE_FAMILY = "1,2";
			};
			name = Debug;
		};
		5AD918772941073800078C26 /* Release */ = {
			isa = XCBuildConfiguration;
			buildSettings = {
				CLANG_ENABLE_MODULES = YES;
				CODE_SIGN_STYLE = Automatic;
				CURRENT_PROJECT_VERSION = 1;
				DEFINES_MODULE = YES;
				DEVELOPMENT_TEAM = QN4ZAR6A43;
				DYLIB_COMPATIBILITY_VERSION = 1;
				DYLIB_CURRENT_VERSION = 1;
				DYLIB_INSTALL_NAME_BASE = "@rpath";
				GENERATE_INFOPLIST_FILE = YES;
				INFOPLIST_KEY_NSHumanReadableCopyright = "";
				INSTALL_PATH = "$(LOCAL_LIBRARY_DIR)/Frameworks";
				LD_RUNPATH_SEARCH_PATHS = (
					"$(inherited)",
					"@executable_path/Frameworks",
					"@loader_path/Frameworks",
				);
				MARKETING_VERSION = 1.0;
				PRODUCT_BUNDLE_IDENTIFIER = "iosdeveloper-232362.ImagesCollection";
				PRODUCT_NAME = "$(TARGET_NAME:c99extidentifier)";
				SKIP_INSTALL = YES;
				SWIFT_EMIT_LOC_STRINGS = YES;
				SWIFT_VERSION = 5.0;
				TARGETED_DEVICE_FAMILY = "1,2";
			};
			name = Release;
		};
		5AD918792941073800078C26 /* Debug */ = {
			isa = XCBuildConfiguration;
			buildSettings = {
				ALWAYS_EMBED_SWIFT_STANDARD_LIBRARIES = YES;
				CODE_SIGN_STYLE = Automatic;
				CURRENT_PROJECT_VERSION = 1;
				DEVELOPMENT_TEAM = QN4ZAR6A43;
				GENERATE_INFOPLIST_FILE = YES;
				MARKETING_VERSION = 1.0;
				PRODUCT_BUNDLE_IDENTIFIER = "iosdeveloper-232362.ImagesCollectionTests";
				PRODUCT_NAME = "$(TARGET_NAME)";
				SWIFT_EMIT_LOC_STRINGS = NO;
				SWIFT_VERSION = 5.0;
				TARGETED_DEVICE_FAMILY = "1,2";
			};
			name = Debug;
		};
		5AD9187A2941073800078C26 /* Release */ = {
			isa = XCBuildConfiguration;
			buildSettings = {
				ALWAYS_EMBED_SWIFT_STANDARD_LIBRARIES = YES;
				CODE_SIGN_STYLE = Automatic;
				CURRENT_PROJECT_VERSION = 1;
				DEVELOPMENT_TEAM = QN4ZAR6A43;
				GENERATE_INFOPLIST_FILE = YES;
				MARKETING_VERSION = 1.0;
				PRODUCT_BUNDLE_IDENTIFIER = "iosdeveloper-232362.ImagesCollectionTests";
				PRODUCT_NAME = "$(TARGET_NAME)";
				SWIFT_EMIT_LOC_STRINGS = NO;
				SWIFT_VERSION = 5.0;
				TARGETED_DEVICE_FAMILY = "1,2";
			};
			name = Release;
		};
/* End XCBuildConfiguration section */

/* Begin XCConfigurationList section */
		5AD9185D2941073700078C26 /* Build configuration list for PBXProject "ImagesCollection" */ = {
			isa = XCConfigurationList;
			buildConfigurations = (
				5AD918732941073800078C26 /* Debug */,
				5AD918742941073800078C26 /* Release */,
			);
			defaultConfigurationIsVisible = 0;
			defaultConfigurationName = Release;
		};
		5AD918752941073800078C26 /* Build configuration list for PBXNativeTarget "ImagesCollection" */ = {
			isa = XCConfigurationList;
			buildConfigurations = (
				5AD918762941073800078C26 /* Debug */,
				5AD918772941073800078C26 /* Release */,
			);
			defaultConfigurationIsVisible = 0;
			defaultConfigurationName = Release;
		};
		5AD918782941073800078C26 /* Build configuration list for PBXNativeTarget "ImagesCollectionTests" */ = {
			isa = XCConfigurationList;
			buildConfigurations = (
				5AD918792941073800078C26 /* Debug */,
				5AD9187A2941073800078C26 /* Release */,
			);
			defaultConfigurationIsVisible = 0;
			defaultConfigurationName = Release;
		};
/* End XCConfigurationList section */
	};
	rootObject = 5AD9185A2941073700078C26 /* Project object */;
}
